// !$*UTF8*$!
{
	archiveVersion = 1;
	classes = {
	};
	objectVersion = 77;
	objects = {

/* Begin PBXBuildFile section */
		E172D81F2E8A56BF00B2B817 /* SpriteKit.framework in Frameworks */ = {isa = PBXBuildFile; fileRef = E172D81E2E8A56BF00B2B817 /* SpriteKit.framework */; };
		E172D8212E8A56D000B2B817 /* GameplayKit.framework in Frameworks */ = {isa = PBXBuildFile; fileRef = E172D8202E8A56D000B2B817 /* GameplayKit.framework */; };
		E172D8232E8A56F300B2B817 /* GameKit.framework in Frameworks */ = {isa = PBXBuildFile; fileRef = E172D8222E8A56F300B2B817 /* GameKit.framework */; };
		E172D8252E8A573E00B2B817 /* ImagePlayground.framework in Frameworks */ = {isa = PBXBuildFile; fileRef = E172D8242E8A573E00B2B817 /* ImagePlayground.framework */; };
		E172D8272E8A576F00B2B817 /* FoundationModels.framework in Frameworks */ = {isa = PBXBuildFile; fileRef = E172D8262E8A576F00B2B817 /* FoundationModels.framework */; };
/* End PBXBuildFile section */

/* Begin PBXContainerItemProxy section */
		E172D8012E8A566A00B2B817 /* PBXContainerItemProxy */ = {
			isa = PBXContainerItemProxy;
			containerPortal = E172D7EB2E8A566700B2B817 /* Project object */;
			proxyType = 1;
			remoteGlobalIDString = E172D7F22E8A566700B2B817;
			remoteInfo = Glasslands;
		};
		E172D80B2E8A566A00B2B817 /* PBXContainerItemProxy */ = {
			isa = PBXContainerItemProxy;
			containerPortal = E172D7EB2E8A566700B2B817 /* Project object */;
			proxyType = 1;
			remoteGlobalIDString = E172D7F22E8A566700B2B817;
			remoteInfo = Glasslands;
		};
/* End PBXContainerItemProxy section */

/* Begin PBXFileReference section */
		E13247862F454BA800520D5C /* README.md */ = {isa = PBXFileReference; lastKnownFileType = net.daringfireball.markdown; path = README.md; sourceTree = "<group>"; };
		E172D7F32E8A566700B2B817 /* Glasslands.app */ = {isa = PBXFileReference; explicitFileType = wrapper.application; includeInIndex = 0; path = Glasslands.app; sourceTree = BUILT_PRODUCTS_DIR; };
		E172D8002E8A566A00B2B817 /* GlasslandsTests.xctest */ = {isa = PBXFileReference; explicitFileType = wrapper.cfbundle; includeInIndex = 0; path = GlasslandsTests.xctest; sourceTree = BUILT_PRODUCTS_DIR; };
		E172D80A2E8A566A00B2B817 /* GlasslandsUITests.xctest */ = {isa = PBXFileReference; explicitFileType = wrapper.cfbundle; includeInIndex = 0; path = GlasslandsUITests.xctest; sourceTree = BUILT_PRODUCTS_DIR; };
		E172D81E2E8A56BF00B2B817 /* SpriteKit.framework */ = {isa = PBXFileReference; lastKnownFileType = wrapper.framework; name = SpriteKit.framework; path = System/Library/Frameworks/SpriteKit.framework; sourceTree = SDKROOT; };
		E172D8202E8A56D000B2B817 /* GameplayKit.framework */ = {isa = PBXFileReference; lastKnownFileType = wrapper.framework; name = GameplayKit.framework; path = System/Library/Frameworks/GameplayKit.framework; sourceTree = SDKROOT; };
		E172D8222E8A56F300B2B817 /* GameKit.framework */ = {isa = PBXFileReference; lastKnownFileType = wrapper.framework; name = GameKit.framework; path = System/Library/Frameworks/GameKit.framework; sourceTree = SDKROOT; };
		E172D8242E8A573E00B2B817 /* ImagePlayground.framework */ = {isa = PBXFileReference; lastKnownFileType = wrapper.framework; name = ImagePlayground.framework; path = System/Library/Frameworks/ImagePlayground.framework; sourceTree = SDKROOT; };
		E172D8262E8A576F00B2B817 /* FoundationModels.framework */ = {isa = PBXFileReference; lastKnownFileType = wrapper.framework; name = FoundationModels.framework; path = System/Library/Frameworks/FoundationModels.framework; sourceTree = SDKROOT; };
		E1B246F52E8B939A0026C6B6 /* Glasslands.xctestplan */ = {isa = PBXFileReference; lastKnownFileType = text; path = Glasslands.xctestplan; sourceTree = "<group>"; };
/* End PBXFileReference section */

/* Begin PBXFileSystemSynchronizedBuildFileExceptionSet section */
		E1CE40DF2E8A75A600875A34 /* Exceptions for "Glasslands" folder in "Glasslands" target */ = {
			isa = PBXFileSystemSynchronizedBuildFileExceptionSet;
			membershipExceptions = (
				Sources/App/Info.plist,
			);
			target = E172D7F22E8A566700B2B817 /* Glasslands */;
		};
/* End PBXFileSystemSynchronizedBuildFileExceptionSet section */

/* Begin PBXFileSystemSynchronizedRootGroup section */
		E172D7F52E8A566700B2B817 /* Glasslands */ = {
			isa = PBXFileSystemSynchronizedRootGroup;
			exceptions = (
				E1CE40DF2E8A75A600875A34 /* Exceptions for "Glasslands" folder in "Glasslands" target */,
			);
			path = Glasslands;
			sourceTree = "<group>";
		};
		E172D8032E8A566A00B2B817 /* GlasslandsTests */ = {
			isa = PBXFileSystemSynchronizedRootGroup;
			path = GlasslandsTests;
			sourceTree = "<group>";
		};
		E172D80D2E8A566A00B2B817 /* GlasslandsUITests */ = {
			isa = PBXFileSystemSynchronizedRootGroup;
			path = GlasslandsUITests;
			sourceTree = "<group>";
		};
/* End PBXFileSystemSynchronizedRootGroup section */

/* Begin PBXFrameworksBuildPhase section */
		E172D7F02E8A566700B2B817 /* Frameworks */ = {
			isa = PBXFrameworksBuildPhase;
			buildActionMask = 2147483647;
			files = (
				E172D8232E8A56F300B2B817 /* GameKit.framework in Frameworks */,
				E172D8252E8A573E00B2B817 /* ImagePlayground.framework in Frameworks */,
				E172D81F2E8A56BF00B2B817 /* SpriteKit.framework in Frameworks */,
				E172D8272E8A576F00B2B817 /* FoundationModels.framework in Frameworks */,
				E172D8212E8A56D000B2B817 /* GameplayKit.framework in Frameworks */,
			);
			runOnlyForDeploymentPostprocessing = 0;
		};
		E172D7FD2E8A566A00B2B817 /* Frameworks */ = {
			isa = PBXFrameworksBuildPhase;
			buildActionMask = 2147483647;
			files = (
			);
			runOnlyForDeploymentPostprocessing = 0;
		};
		E172D8072E8A566A00B2B817 /* Frameworks */ = {
			isa = PBXFrameworksBuildPhase;
			buildActionMask = 2147483647;
			files = (
			);
			runOnlyForDeploymentPostprocessing = 0;
		};
/* End PBXFrameworksBuildPhase section */

/* Begin PBXGroup section */
		E172D7EA2E8A566700B2B817 = {
			isa = PBXGroup;
			children = (
				E13247862F454BA800520D5C /* README.md */,
				E1B246F52E8B939A0026C6B6 /* Glasslands.xctestplan */,
				E172D7F52E8A566700B2B817 /* Glasslands */,
				E172D8032E8A566A00B2B817 /* GlasslandsTests */,
				E172D80D2E8A566A00B2B817 /* GlasslandsUITests */,
				E172D81D2E8A56BF00B2B817 /* Frameworks */,
				E172D7F42E8A566700B2B817 /* Products */,
			);
			sourceTree = "<group>";
		};
		E172D7F42E8A566700B2B817 /* Products */ = {
			isa = PBXGroup;
			children = (
				E172D7F32E8A566700B2B817 /* Glasslands.app */,
				E172D8002E8A566A00B2B817 /* GlasslandsTests.xctest */,
				E172D80A2E8A566A00B2B817 /* GlasslandsUITests.xctest */,
			);
			name = Products;
			sourceTree = "<group>";
		};
		E172D81D2E8A56BF00B2B817 /* Frameworks */ = {
			isa = PBXGroup;
			children = (
				E172D8262E8A576F00B2B817 /* FoundationModels.framework */,
				E172D8242E8A573E00B2B817 /* ImagePlayground.framework */,
				E172D8222E8A56F300B2B817 /* GameKit.framework */,
				E172D8202E8A56D000B2B817 /* GameplayKit.framework */,
				E172D81E2E8A56BF00B2B817 /* SpriteKit.framework */,
			);
			name = Frameworks;
			sourceTree = "<group>";
		};
/* End PBXGroup section */

/* Begin PBXNativeTarget section */
		E172D7F22E8A566700B2B817 /* Glasslands */ = {
			isa = PBXNativeTarget;
			buildConfigurationList = E172D8142E8A566A00B2B817 /* Build configuration list for PBXNativeTarget "Glasslands" */;
			buildPhases = (
				E172D7EF2E8A566700B2B817 /* Sources */,
				E172D7F02E8A566700B2B817 /* Frameworks */,
				E172D7F12E8A566700B2B817 /* Resources */,
			);
			buildRules = (
			);
			dependencies = (
			);
			fileSystemSynchronizedGroups = (
				E172D7F52E8A566700B2B817 /* Glasslands */,
			);
			name = Glasslands;
			packageProductDependencies = (
			);
			productName = Glasslands;
			productReference = E172D7F32E8A566700B2B817 /* Glasslands.app */;
			productType = "com.apple.product-type.application";
		};
		E172D7FF2E8A566A00B2B817 /* GlasslandsTests */ = {
			isa = PBXNativeTarget;
			buildConfigurationList = E172D8172E8A566A00B2B817 /* Build configuration list for PBXNativeTarget "GlasslandsTests" */;
			buildPhases = (
				E172D7FC2E8A566A00B2B817 /* Sources */,
				E172D7FD2E8A566A00B2B817 /* Frameworks */,
				E172D7FE2E8A566A00B2B817 /* Resources */,
			);
			buildRules = (
			);
			dependencies = (
				E172D8022E8A566A00B2B817 /* PBXTargetDependency */,
			);
			fileSystemSynchronizedGroups = (
				E172D8032E8A566A00B2B817 /* GlasslandsTests */,
			);
			name = GlasslandsTests;
			packageProductDependencies = (
			);
			productName = GlasslandsTests;
			productReference = E172D8002E8A566A00B2B817 /* GlasslandsTests.xctest */;
			productType = "com.apple.product-type.bundle.unit-test";
		};
		E172D8092E8A566A00B2B817 /* GlasslandsUITests */ = {
			isa = PBXNativeTarget;
			buildConfigurationList = E172D81A2E8A566A00B2B817 /* Build configuration list for PBXNativeTarget "GlasslandsUITests" */;
			buildPhases = (
				E172D8062E8A566A00B2B817 /* Sources */,
				E172D8072E8A566A00B2B817 /* Frameworks */,
				E172D8082E8A566A00B2B817 /* Resources */,
			);
			buildRules = (
			);
			dependencies = (
				E172D80C2E8A566A00B2B817 /* PBXTargetDependency */,
			);
			fileSystemSynchronizedGroups = (
				E172D80D2E8A566A00B2B817 /* GlasslandsUITests */,
			);
			name = GlasslandsUITests;
			packageProductDependencies = (
			);
			productName = GlasslandsUITests;
			productReference = E172D80A2E8A566A00B2B817 /* GlasslandsUITests.xctest */;
			productType = "com.apple.product-type.bundle.ui-testing";
		};
/* End PBXNativeTarget section */

/* Begin PBXProject section */
		E172D7EB2E8A566700B2B817 /* Project object */ = {
			isa = PBXProject;
			attributes = {
				BuildIndependentTargetsInParallel = 1;
				LastSwiftUpdateCheck = 2600;
				LastUpgradeCheck = 2600;
				TargetAttributes = {
					E172D7F22E8A566700B2B817 = {
						CreatedOnToolsVersion = 26.0.1;
					};
					E172D7FF2E8A566A00B2B817 = {
						CreatedOnToolsVersion = 26.0.1;
						TestTargetID = E172D7F22E8A566700B2B817;
					};
					E172D8092E8A566A00B2B817 = {
						CreatedOnToolsVersion = 26.0.1;
						TestTargetID = E172D7F22E8A566700B2B817;
					};
				};
			};
			buildConfigurationList = E172D7EE2E8A566700B2B817 /* Build configuration list for PBXProject "Glasslands" */;
			developmentRegion = en;
			hasScannedForEncodings = 0;
			knownRegions = (
				en,
				Base,
			);
			mainGroup = E172D7EA2E8A566700B2B817;
			minimizedProjectReferenceProxies = 1;
			preferredProjectObjectVersion = 77;
			productRefGroup = E172D7F42E8A566700B2B817 /* Products */;
			projectDirPath = "";
			projectRoot = "";
			targets = (
				E172D7F22E8A566700B2B817 /* Glasslands */,
				E172D7FF2E8A566A00B2B817 /* GlasslandsTests */,
				E172D8092E8A566A00B2B817 /* GlasslandsUITests */,
			);
		};
/* End PBXProject section */

/* Begin PBXResourcesBuildPhase section */
		E172D7F12E8A566700B2B817 /* Resources */ = {
			isa = PBXResourcesBuildPhase;
			buildActionMask = 2147483647;
			files = (
			);
			runOnlyForDeploymentPostprocessing = 0;
		};
		E172D7FE2E8A566A00B2B817 /* Resources */ = {
			isa = PBXResourcesBuildPhase;
			buildActionMask = 2147483647;
			files = (
			);
			runOnlyForDeploymentPostprocessing = 0;
		};
		E172D8082E8A566A00B2B817 /* Resources */ = {
			isa = PBXResourcesBuildPhase;
			buildActionMask = 2147483647;
			files = (
			);
			runOnlyForDeploymentPostprocessing = 0;
		};
/* End PBXResourcesBuildPhase section */

/* Begin PBXSourcesBuildPhase section */
		E172D7EF2E8A566700B2B817 /* Sources */ = {
			isa = PBXSourcesBuildPhase;
			buildActionMask = 2147483647;
			files = (
			);
			runOnlyForDeploymentPostprocessing = 0;
		};
		E172D7FC2E8A566A00B2B817 /* Sources */ = {
			isa = PBXSourcesBuildPhase;
			buildActionMask = 2147483647;
			files = (
			);
			runOnlyForDeploymentPostprocessing = 0;
		};
		E172D8062E8A566A00B2B817 /* Sources */ = {
			isa = PBXSourcesBuildPhase;
			buildActionMask = 2147483647;
			files = (
			);
			runOnlyForDeploymentPostprocessing = 0;
		};
/* End PBXSourcesBuildPhase section */

/* Begin PBXTargetDependency section */
		E172D8022E8A566A00B2B817 /* PBXTargetDependency */ = {
			isa = PBXTargetDependency;
			target = E172D7F22E8A566700B2B817 /* Glasslands */;
			targetProxy = E172D8012E8A566A00B2B817 /* PBXContainerItemProxy */;
		};
		E172D80C2E8A566A00B2B817 /* PBXTargetDependency */ = {
			isa = PBXTargetDependency;
			target = E172D7F22E8A566700B2B817 /* Glasslands */;
			targetProxy = E172D80B2E8A566A00B2B817 /* PBXContainerItemProxy */;
		};
/* End PBXTargetDependency section */

/* Begin XCBuildConfiguration section */
		E172D8122E8A566A00B2B817 /* Debug */ = {
			isa = XCBuildConfiguration;
			buildSettings = {
				ALWAYS_SEARCH_USER_PATHS = NO;
				ASSETCATALOG_COMPILER_GENERATE_SWIFT_ASSET_SYMBOL_EXTENSIONS = YES;
				CLANG_ANALYZER_NONNULL = YES;
				CLANG_ANALYZER_NUMBER_OBJECT_CONVERSION = YES_AGGRESSIVE;
				CLANG_CXX_LANGUAGE_STANDARD = "gnu++20";
				CLANG_ENABLE_MODULES = YES;
				CLANG_ENABLE_OBJC_ARC = YES;
				CLANG_ENABLE_OBJC_WEAK = YES;
				CLANG_WARN_BLOCK_CAPTURE_AUTORELEASING = YES;
				CLANG_WARN_BOOL_CONVERSION = YES;
				CLANG_WARN_COMMA = YES;
				CLANG_WARN_CONSTANT_CONVERSION = YES;
				CLANG_WARN_DEPRECATED_OBJC_IMPLEMENTATIONS = YES;
				CLANG_WARN_DIRECT_OBJC_ISA_USAGE = YES_ERROR;
				CLANG_WARN_DOCUMENTATION_COMMENTS = YES;
				CLANG_WARN_EMPTY_BODY = YES;
				CLANG_WARN_ENUM_CONVERSION = YES;
				CLANG_WARN_INFINITE_RECURSION = YES;
				CLANG_WARN_INT_CONVERSION = YES;
				CLANG_WARN_NON_LITERAL_NULL_CONVERSION = YES;
				CLANG_WARN_OBJC_IMPLICIT_RETAIN_SELF = YES;
				CLANG_WARN_OBJC_LITERAL_CONVERSION = YES;
				CLANG_WARN_OBJC_ROOT_CLASS = YES_ERROR;
				CLANG_WARN_QUOTED_INCLUDE_IN_FRAMEWORK_HEADER = YES;
				CLANG_WARN_RANGE_LOOP_ANALYSIS = YES;
				CLANG_WARN_STRICT_PROTOTYPES = YES;
				CLANG_WARN_SUSPICIOUS_MOVE = YES;
				CLANG_WARN_UNGUARDED_AVAILABILITY = YES_AGGRESSIVE;
				CLANG_WARN_UNREACHABLE_CODE = YES;
				CLANG_WARN__DUPLICATE_METHOD_MATCH = YES;
				COPY_PHASE_STRIP = NO;
				DEBUG_INFORMATION_FORMAT = dwarf;
				DEVELOPMENT_TEAM = 92HEPEJ42Z;
				ENABLE_STRICT_OBJC_MSGSEND = YES;
				ENABLE_TESTABILITY = YES;
				ENABLE_USER_SCRIPT_SANDBOXING = YES;
				GCC_C_LANGUAGE_STANDARD = gnu17;
				GCC_DYNAMIC_NO_PIC = NO;
				GCC_NO_COMMON_BLOCKS = YES;
				GCC_OPTIMIZATION_LEVEL = 0;
				GCC_PREPROCESSOR_DEFINITIONS = (
					"DEBUG=1",
					"$(inherited)",
				);
				GCC_WARN_64_TO_32_BIT_CONVERSION = YES;
				GCC_WARN_ABOUT_RETURN_TYPE = YES_ERROR;
				GCC_WARN_UNDECLARED_SELECTOR = YES;
				GCC_WARN_UNINITIALIZED_AUTOS = YES_AGGRESSIVE;
				GCC_WARN_UNUSED_FUNCTION = YES;
				GCC_WARN_UNUSED_VARIABLE = YES;
				IPHONEOS_DEPLOYMENT_TARGET = 26.0;
				LOCALIZATION_PREFERS_STRING_CATALOGS = YES;
				MTL_ENABLE_DEBUG_INFO = INCLUDE_SOURCE;
				MTL_FAST_MATH = YES;
				ONLY_ACTIVE_ARCH = YES;
				SDKROOT = iphoneos;
				SWIFT_ACTIVE_COMPILATION_CONDITIONS = "DEBUG $(inherited)";
				SWIFT_OPTIMIZATION_LEVEL = "-Onone";
			};
			name = Debug;
		};
		E172D8132E8A566A00B2B817 /* Release */ = {
			isa = XCBuildConfiguration;
			buildSettings = {
				ALWAYS_SEARCH_USER_PATHS = NO;
				ASSETCATALOG_COMPILER_GENERATE_SWIFT_ASSET_SYMBOL_EXTENSIONS = YES;
				CLANG_ANALYZER_NONNULL = YES;
				CLANG_ANALYZER_NUMBER_OBJECT_CONVERSION = YES_AGGRESSIVE;
				CLANG_CXX_LANGUAGE_STANDARD = "gnu++20";
				CLANG_ENABLE_MODULES = YES;
				CLANG_ENABLE_OBJC_ARC = YES;
				CLANG_ENABLE_OBJC_WEAK = YES;
				CLANG_WARN_BLOCK_CAPTURE_AUTORELEASING = YES;
				CLANG_WARN_BOOL_CONVERSION = YES;
				CLANG_WARN_COMMA = YES;
				CLANG_WARN_CONSTANT_CONVERSION = YES;
				CLANG_WARN_DEPRECATED_OBJC_IMPLEMENTATIONS = YES;
				CLANG_WARN_DIRECT_OBJC_ISA_USAGE = YES_ERROR;
				CLANG_WARN_DOCUMENTATION_COMMENTS = YES;
				CLANG_WARN_EMPTY_BODY = YES;
				CLANG_WARN_ENUM_CONVERSION = YES;
				CLANG_WARN_INFINITE_RECURSION = YES;
				CLANG_WARN_INT_CONVERSION = YES;
				CLANG_WARN_NON_LITERAL_NULL_CONVERSION = YES;
				CLANG_WARN_OBJC_IMPLICIT_RETAIN_SELF = YES;
				CLANG_WARN_OBJC_LITERAL_CONVERSION = YES;
				CLANG_WARN_OBJC_ROOT_CLASS = YES_ERROR;
				CLANG_WARN_QUOTED_INCLUDE_IN_FRAMEWORK_HEADER = YES;
				CLANG_WARN_RANGE_LOOP_ANALYSIS = YES;
				CLANG_WARN_STRICT_PROTOTYPES = YES;
				CLANG_WARN_SUSPICIOUS_MOVE = YES;
				CLANG_WARN_UNGUARDED_AVAILABILITY = YES_AGGRESSIVE;
				CLANG_WARN_UNREACHABLE_CODE = YES;
				CLANG_WARN__DUPLICATE_METHOD_MATCH = YES;
				COPY_PHASE_STRIP = NO;
				DEBUG_INFORMATION_FORMAT = "dwarf-with-dsym";
				DEVELOPMENT_TEAM = 92HEPEJ42Z;
				ENABLE_NS_ASSERTIONS = NO;
				ENABLE_STRICT_OBJC_MSGSEND = YES;
				ENABLE_USER_SCRIPT_SANDBOXING = YES;
				GCC_C_LANGUAGE_STANDARD = gnu17;
				GCC_NO_COMMON_BLOCKS = YES;
				GCC_WARN_64_TO_32_BIT_CONVERSION = YES;
				GCC_WARN_ABOUT_RETURN_TYPE = YES_ERROR;
				GCC_WARN_UNDECLARED_SELECTOR = YES;
				GCC_WARN_UNINITIALIZED_AUTOS = YES_AGGRESSIVE;
				GCC_WARN_UNUSED_FUNCTION = YES;
				GCC_WARN_UNUSED_VARIABLE = YES;
				IPHONEOS_DEPLOYMENT_TARGET = 26.0;
				LOCALIZATION_PREFERS_STRING_CATALOGS = YES;
				MTL_ENABLE_DEBUG_INFO = NO;
				MTL_FAST_MATH = YES;
				SDKROOT = iphoneos;
				SWIFT_COMPILATION_MODE = wholemodule;
				VALIDATE_PRODUCT = YES;
			};
			name = Release;
		};
		E172D8152E8A566A00B2B817 /* Debug */ = {
			isa = XCBuildConfiguration;
			buildSettings = {
				ASSETCATALOG_COMPILER_APPICON_NAME = AppIcon;
				ASSETCATALOG_COMPILER_GLOBAL_ACCENT_COLOR_NAME = AccentColor;
				CODE_SIGN_ENTITLEMENTS = Glasslands/Glasslands.entitlements;
				CODE_SIGN_STYLE = Automatic;
				CURRENT_PROJECT_VERSION = 1;
				DEVELOPMENT_TEAM = 92HEPEJ42Z;
				ENABLE_PREVIEWS = YES;
				GENERATE_INFOPLIST_FILE = NO;
				INFOPLIST_FILE = "$(SRCROOT)/Glasslands/Sources/App/Info.plist";
				INFOPLIST_KEY_UIApplicationSceneManifest_Generation = YES;
				INFOPLIST_KEY_UIApplicationSupportsIndirectInputEvents = YES;
				INFOPLIST_KEY_UILaunchScreen_Generation = YES;
				INFOPLIST_KEY_UISupportedInterfaceOrientations_iPad = "UIInterfaceOrientationPortrait UIInterfaceOrientationPortraitUpsideDown UIInterfaceOrientationLandscapeLeft UIInterfaceOrientationLandscapeRight";
				INFOPLIST_KEY_UISupportedInterfaceOrientations_iPhone = "UIInterfaceOrientationPortrait UIInterfaceOrientationLandscapeLeft UIInterfaceOrientationLandscapeRight";
				LD_RUNPATH_SEARCH_PATHS = (
					"$(inherited)",
					"@executable_path/Frameworks",
				);
				MARKETING_VERSION = 0.9.2;
				PRODUCT_BUNDLE_IDENTIFIER = com.conornolan.Glasslands;
				PRODUCT_NAME = "$(TARGET_NAME)";
				STRING_CATALOG_GENERATE_SYMBOLS = YES;
				SWIFT_APPROACHABLE_CONCURRENCY = YES;
				SWIFT_DEFAULT_ACTOR_ISOLATION = MainActor;
				SWIFT_EMIT_LOC_STRINGS = YES;
				SWIFT_UPCOMING_FEATURE_MEMBER_IMPORT_VISIBILITY = YES;
				SWIFT_VERSION = 6.0;
				TARGETED_DEVICE_FAMILY = "1,2";
			};
			name = Debug;
		};
		E172D8162E8A566A00B2B817 /* Release */ = {
			isa = XCBuildConfiguration;
			buildSettings = {
				ASSETCATALOG_COMPILER_APPICON_NAME = AppIcon;
				ASSETCATALOG_COMPILER_GLOBAL_ACCENT_COLOR_NAME = AccentColor;
				CODE_SIGN_ENTITLEMENTS = Glasslands/Glasslands.entitlements;
				CODE_SIGN_STYLE = Automatic;
				CURRENT_PROJECT_VERSION = 1;
				DEVELOPMENT_TEAM = 92HEPEJ42Z;
				ENABLE_PREVIEWS = YES;
				GENERATE_INFOPLIST_FILE = NO;
				INFOPLIST_FILE = "$(SRCROOT)/Glasslands/Sources/App/Info.plist";
				INFOPLIST_KEY_UIApplicationSceneManifest_Generation = YES;
				INFOPLIST_KEY_UIApplicationSupportsIndirectInputEvents = YES;
				INFOPLIST_KEY_UILaunchScreen_Generation = YES;
				INFOPLIST_KEY_UISupportedInterfaceOrientations_iPad = "UIInterfaceOrientationPortrait UIInterfaceOrientationPortraitUpsideDown UIInterfaceOrientationLandscapeLeft UIInterfaceOrientationLandscapeRight";
				INFOPLIST_KEY_UISupportedInterfaceOrientations_iPhone = "UIInterfaceOrientationPortrait UIInterfaceOrientationLandscapeLeft UIInterfaceOrientationLandscapeRight";
				LD_RUNPATH_SEARCH_PATHS = (
					"$(inherited)",
					"@executable_path/Frameworks",
				);
				MARKETING_VERSION = 0.9.2;
				PRODUCT_BUNDLE_IDENTIFIER = com.conornolan.Glasslands;
				PRODUCT_NAME = "$(TARGET_NAME)";
				STRING_CATALOG_GENERATE_SYMBOLS = YES;
				SWIFT_APPROACHABLE_CONCURRENCY = YES;
				SWIFT_DEFAULT_ACTOR_ISOLATION = MainActor;
				SWIFT_EMIT_LOC_STRINGS = YES;
				SWIFT_UPCOMING_FEATURE_MEMBER_IMPORT_VISIBILITY = YES;
				SWIFT_VERSION = 6.0;
				TARGETED_DEVICE_FAMILY = "1,2";
			};
			name = Release;
		};
		E172D8182E8A566A00B2B817 /* Debug */ = {
			isa = XCBuildConfiguration;
			buildSettings = {
				BUNDLE_LOADER = "$(TEST_HOST)";
				CODE_SIGN_STYLE = Automatic;
				CURRENT_PROJECT_VERSION = 1;
				DEVELOPMENT_TEAM = 92HEPEJ42Z;
				GENERATE_INFOPLIST_FILE = YES;
				IPHONEOS_DEPLOYMENT_TARGET = 26.0;
				MARKETING_VERSION = 1.0;
				PRODUCT_BUNDLE_IDENTIFIER = com.conornolan.GlasslandsTests;
				PRODUCT_NAME = "$(TARGET_NAME)";
				STRING_CATALOG_GENERATE_SYMBOLS = NO;
				SWIFT_APPROACHABLE_CONCURRENCY = YES;
				SWIFT_EMIT_LOC_STRINGS = NO;
				SWIFT_UPCOMING_FEATURE_MEMBER_IMPORT_VISIBILITY = YES;
				SWIFT_VERSION = 6.0;
				TARGETED_DEVICE_FAMILY = "1,2";
				TEST_HOST = "$(BUILT_PRODUCTS_DIR)/Glasslands.app/$(BUNDLE_EXECUTABLE_FOLDER_PATH)/Glasslands";
			};
			name = Debug;
		};
		E172D8192E8A566A00B2B817 /* Release */ = {
			isa = XCBuildConfiguration;
			buildSettings = {
				BUNDLE_LOADER = "$(TEST_HOST)";
				CODE_SIGN_STYLE = Automatic;
				CURRENT_PROJECT_VERSION = 1;
				DEVELOPMENT_TEAM = 92HEPEJ42Z;
				GENERATE_INFOPLIST_FILE = YES;
				IPHONEOS_DEPLOYMENT_TARGET = 26.0;
				MARKETING_VERSION = 1.0;
				PRODUCT_BUNDLE_IDENTIFIER = com.conornolan.GlasslandsTests;
				PRODUCT_NAME = "$(TARGET_NAME)";
				STRING_CATALOG_GENERATE_SYMBOLS = NO;
				SWIFT_APPROACHABLE_CONCURRENCY = YES;
				SWIFT_EMIT_LOC_STRINGS = NO;
				SWIFT_UPCOMING_FEATURE_MEMBER_IMPORT_VISIBILITY = YES;
				SWIFT_VERSION = 6.0;
				TARGETED_DEVICE_FAMILY = "1,2";
				TEST_HOST = "$(BUILT_PRODUCTS_DIR)/Glasslands.app/$(BUNDLE_EXECUTABLE_FOLDER_PATH)/Glasslands";
			};
			name = Release;
		};
		E172D81B2E8A566A00B2B817 /* Debug */ = {
			isa = XCBuildConfiguration;
			buildSettings = {
				CODE_SIGN_STYLE = Automatic;
				CURRENT_PROJECT_VERSION = 1;
				DEVELOPMENT_TEAM = 92HEPEJ42Z;
				GENERATE_INFOPLIST_FILE = YES;
				MARKETING_VERSION = 1.0;
				PRODUCT_BUNDLE_IDENTIFIER = com.conornolan.GlasslandsUITests;
				PRODUCT_NAME = "$(TARGET_NAME)";
				STRING_CATALOG_GENERATE_SYMBOLS = NO;
				SWIFT_APPROACHABLE_CONCURRENCY = YES;
				SWIFT_EMIT_LOC_STRINGS = NO;
				SWIFT_UPCOMING_FEATURE_MEMBER_IMPORT_VISIBILITY = YES;
				SWIFT_VERSION = 6.0;
				TARGETED_DEVICE_FAMILY = "1,2";
				TEST_TARGET_NAME = Glasslands;
			};
			name = Debug;
		};
		E172D81C2E8A566A00B2B817 /* Release */ = {
			isa = XCBuildConfiguration;
			buildSettings = {
				CODE_SIGN_STYLE = Automatic;
				CURRENT_PROJECT_VERSION = 1;
				DEVELOPMENT_TEAM = 92HEPEJ42Z;
				GENERATE_INFOPLIST_FILE = YES;
				MARKETING_VERSION = 1.0;
				PRODUCT_BUNDLE_IDENTIFIER = com.conornolan.GlasslandsUITests;
				PRODUCT_NAME = "$(TARGET_NAME)";
				STRING_CATALOG_GENERATE_SYMBOLS = NO;
				SWIFT_APPROACHABLE_CONCURRENCY = YES;
				SWIFT_EMIT_LOC_STRINGS = NO;
				SWIFT_UPCOMING_FEATURE_MEMBER_IMPORT_VISIBILITY = YES;
				SWIFT_VERSION = 6.0;
				TARGETED_DEVICE_FAMILY = "1,2";
				TEST_TARGET_NAME = Glasslands;
			};
			name = Release;
		};
/* End XCBuildConfiguration section */

/* Begin XCConfigurationList section */
		E172D7EE2E8A566700B2B817 /* Build configuration list for PBXProject "Glasslands" */ = {
			isa = XCConfigurationList;
			buildConfigurations = (
				E172D8122E8A566A00B2B817 /* Debug */,
				E172D8132E8A566A00B2B817 /* Release */,
			);
			defaultConfigurationIsVisible = 0;
			defaultConfigurationName = Release;
		};
		E172D8142E8A566A00B2B817 /* Build configuration list for PBXNativeTarget "Glasslands" */ = {
			isa = XCConfigurationList;
			buildConfigurations = (
				E172D8152E8A566A00B2B817 /* Debug */,
				E172D8162E8A566A00B2B817 /* Release */,
			);
			defaultConfigurationIsVisible = 0;
			defaultConfigurationName = Release;
		};
		E172D8172E8A566A00B2B817 /* Build configuration list for PBXNativeTarget "GlasslandsTests" */ = {
			isa = XCConfigurationList;
			buildConfigurations = (
				E172D8182E8A566A00B2B817 /* Debug */,
				E172D8192E8A566A00B2B817 /* Release */,
			);
			defaultConfigurationIsVisible = 0;
			defaultConfigurationName = Release;
		};
		E172D81A2E8A566A00B2B817 /* Build configuration list for PBXNativeTarget "GlasslandsUITests" */ = {
			isa = XCConfigurationList;
			buildConfigurations = (
				E172D81B2E8A566A00B2B817 /* Debug */,
				E172D81C2E8A566A00B2B817 /* Release */,
			);
			defaultConfigurationIsVisible = 0;
			defaultConfigurationName = Release;
		};
/* End XCConfigurationList section */
	};
	rootObject = E172D7EB2E8A566700B2B817 /* Project object */;
}
